
Microsoft Visual Studio Solution File, Format Version 12.00
# Visual Studio Version 17
VisualStudioVersion = 17.13.35919.96 d17.13
MinimumVisualStudioVersion = 10.0.40219.1
Project("{FAE04EC0-301F-11D3-BF4B-00C04F79EFBC}") = "Group_Project", "Group_Project.csproj", "{C8265F78-9FCA-42ED-97C7-3E6C61C87C6E}"
EndProject
Global
	GlobalSection(SolutionConfigurationPlatforms) = preSolution
		Debug|Any CPU = Debug|Any CPU
		Release|Any CPU = Release|Any CPU
	EndGlobalSection
	GlobalSection(ProjectConfigurationPlatforms) = postSolution
		{C8265F78-9FCA-42ED-97C7-3E6C61C87C6E}.Debug|Any CPU.ActiveCfg = Debug|Any CPU
		{C8265F78-9FCA-42ED-97C7-3E6C61C87C6E}.Debug|Any CPU.Build.0 = Debug|Any CPU
		{C8265F78-9FCA-42ED-97C7-3E6C61C87C6E}.Release|Any CPU.ActiveCfg = Release|Any CPU
		{C8265F78-9FCA-42ED-97C7-3E6C61C87C6E}.Release|Any CPU.Build.0 = Release|Any CPU
	EndGlobalSection
	GlobalSection(SolutionProperties) = preSolution
		HideSolutionNode = FALSE
	EndGlobalSection
	GlobalSection(ExtensibilityGlobals) = postSolution
		SolutionGuid = {2F9C28B0-7BBD-40B0-8444-8A090D1FDD17}
	EndGlobalSection
EndGlobal
